{
  "nodes": {
    "nixpkgs": {
      "locked": {
        "lastModified": 1748368412,
        "narHash": "sha256-Msmj+fZpao/X7AKzDFhruOqMCN+3HpT71a/eajZE8eg=",
        "owner": "NixOS",
        "repo": "nixpkgs",
        "rev": "279f4ffcc06ea833dcd834c8a6cf03c80746a2be",
        "type": "github"
      },
      "original": {
        "owner": "NixOS",
        "ref": "nixos-unstable-small",
        "repo": "nixpkgs",
        "type": "github"
      }
    },
    "root": {
      "inputs": {
        "nixpkgs": "nixpkgs"
      }
    }
  },
  "root": "root",
  "version": 7
}
